github.com/skip2/go-qrcode v0.0.0-20200617195104-da1b6568686e h1:MRM5ITcdelLK2j1vwZ3Je0FKVCfqOLp5zO6trqMLYs0=
github.com/skip2/go-qrcode v0.0.0-20200617195104-da1b6568686e/go.mod h1:XV66xRDqSt+GTGFMVlhk3ULuV0y9ZmzeVGR4mloJI3M=
github.com/the-yex/wechat-ilink-sdk v0.0.0-20260327015631-c2dc55718bac h1:9na1Z1bFOATfrpIRy5jmxwMNVBBPP8WFJIkwK3I3MSs=
github.com/the-yex/wechat-ilink-sdk v0.0.0-20260327015631-c2dc55718bac/go.mod h1:x6gowFRGx/KBZQNHE8Vy1QTp5/+QfyRhtIyUw9mL37A=
